<?xml version="1.0" encoding="utf-8"?>
<Project ToolsVersion="4.0" xmlns="http://schemas.microsoft.com/developer/msbuild/2003">
  <ItemGroup>
    <Filter Include="Source Files">
      <UniqueIdentifier>{4FC737F1-C7A5-4376-A066-2A32D752A2FF}</UniqueIdentifier>
      <Extensions>qml;cpp;c;cc;cxx;def;odl;idl;hpj;bat;asm;asmx</Extensions>
    </Filter>
    <Filter Include="Header Files">
      <UniqueIdentifier>{93995380-89BD-4b04-88EB-625FBE52EBFB}</UniqueIdentifier>
      <Extensions>h;hh;hpp;hxx;hm;inl;inc;xsd</Extensions>
    </Filter>
    <Filter Include="Resource Files">
      <UniqueIdentifier>{67DA6AB6-F800-4c08-8B7A-83BB121AAD01}</UniqueIdentifier>
      <Extensions>qrc;rc;ico;cur;bmp;dlg;rc2;rct;bin;rgs;gif;jpg;jpeg;jpe;resx;tiff;tif;png;wav;mfcribbon-ms</Extensions>
    </Filter>
    <Filter Include="Form Files">
      <UniqueIdentifier>{99349809-55BA-4b9d-BF79-8FDBB0286EB3}</UniqueIdentifier>
      <Extensions>ui</Extensions>
    </Filter>
    <Filter Include="Translation Files">
      <UniqueIdentifier>{639EADAA-A684-42e4-A9AD-28FC9BCB8F7C}</UniqueIdentifier>
      <Extensions>ts</Extensions>
    </Filter>
    <Filter Include="Header Files\windows">
      <UniqueIdentifier>{4308dce2-5277-44a8-aa23-5767589ee0df}</UniqueIdentifier>
    </Filter>
    <Filter Include="Header Files\zobrist">
      <UniqueIdentifier>{fc2f25fa-47ba-4e9c-90aa-bfa97807618a}</UniqueIdentifier>
    </Filter>
    <Filter Include="Source Files\windows">
      <UniqueIdentifier>{d7b646ed-61e8-4d2f-8baf-143ba82fdabc}</UniqueIdentifier>
    </Filter>
    <Filter Include="Source Files\zobrist">
      <UniqueIdentifier>{bd7d5a1b-3c70-4724-b999-6e1e06e214eb}</UniqueIdentifier>
    </Filter>
    <Filter Include="Header Files\gomoku">
      <UniqueIdentifier>{7adcb6ff-43c6-4afc-bc62-61c7f0d7ff5f}</UniqueIdentifier>
    </Filter>
    <Filter Include="Header Files\algorithm">
      <UniqueIdentifier>{7050c27f-8df3-41d6-822c-36a0dc5eacd9}</UniqueIdentifier>
    </Filter>
    <Filter Include="Source Files\gomoku">
      <UniqueIdentifier>{72043acd-14d8-45f1-9457-99c657210673}</UniqueIdentifier>
    </Filter>
  </ItemGroup>
  <ItemGroup>
    <ClCompile Include="src\windows\gamewindow.cpp">
      <Filter>Source Files\windows</Filter>
    </ClCompile>
    <ClCompile Include="src\windows\mainwindow.cpp">
      <Filter>Source Files\windows</Filter>
    </ClCompile>
    <ClCompile Include="src\main.cpp">
      <Filter>Source Files</Filter>
    </ClCompile>
    <ClCompile Include="src\zobrist\translationtable.cpp">
      <Filter>Source Files\zobrist</Filter>
    </ClCompile>
    <ClCompile Include="src\gomoku\engine.cpp">
      <Filter>Source Files\gomoku</Filter>
    </ClCompile>
    <ClCompile Include="src\gomoku\movesgenerator.cpp">
      <Filter>Source Files\gomoku</Filter>
    </ClCompile>
  </ItemGroup>
  <ItemGroup>
    <QtRcc Include="resource\mainwindow.qrc">
      <Filter>Resource Files</Filter>
    </QtRcc>
  </ItemGroup>
  <ItemGroup>
    <QtUic Include="src\ui\gamewindow.ui">
      <Filter>Form Files</Filter>
    </QtUic>
    <QtUic Include="src\ui\mainwindow.ui">
      <Filter>Form Files</Filter>
    </QtUic>
  </ItemGroup>
  <ItemGroup>
    <ClInclude Include="src\zobrist\translationtable.h">
      <Filter>Header Files\zobrist</Filter>
    </ClInclude>
    <ClInclude Include="src\algorithm\aho_corasick.hpp">
      <Filter>Header Files\algorithm</Filter>
    </ClInclude>
    <ClInclude Include="src\gomoku\engine.h">
      <Filter>Header Files\gomoku</Filter>
    </ClInclude>
    <ClInclude Include="src\gomoku\movesgenerator.h">
      <Filter>Header Files\gomoku</Filter>
    </ClInclude>
  </ItemGroup>
  <ItemGroup>
    <QtMoc Include="src\windows\gamewindow.h">
      <Filter>Header Files\windows</Filter>
    </QtMoc>
    <QtMoc Include="src\windows\mainwindow.h">
      <Filter>Header Files\windows</Filter>
    </QtMoc>
  </ItemGroup>
</Project>